
Microsoft Visual Studio Solution File, Format Version 12.00
# Visual Studio 15
VisualStudioVersion = 15.0.26730.16
MinimumVisualStudioVersion = 10.0.40219.1
Project("{FAE04EC0-301F-11D3-BF4B-00C04F79EFBC}") = "Graphs", "Graphs\Graphs.csproj", "{54D2B288-73D0-4DA6-92AF-BF651CC4F36D}"
EndProject
Project("{FAE04EC0-301F-11D3-BF4B-00C04F79EFBC}") = "NUnitTest", "NUnitTest\NUnitTest.csproj", "{84C28740-0C85-434A-8F43-ABA0F882AD56}"
EndProject
Global
	GlobalSection(SolutionConfigurationPlatforms) = preSolution
		Debug|Any CPU = Debug|Any CPU
		Release|Any CPU = Release|Any CPU
	EndGlobalSection
	GlobalSection(ProjectConfigurationPlatforms) = postSolution
		{54D2B288-73D0-4DA6-92AF-BF651CC4F36D}.Debug|Any CPU.ActiveCfg = Debug|Any CPU
		{54D2B288-73D0-4DA6-92AF-BF651CC4F36D}.Debug|Any CPU.Build.0 = Debug|Any CPU
		{54D2B288-73D0-4DA6-92AF-BF651CC4F36D}.Release|Any CPU.ActiveCfg = Release|Any CPU
		{54D2B288-73D0-4DA6-92AF-BF651CC4F36D}.Release|Any CPU.Build.0 = Release|Any CPU
		{84C28740-0C85-434A-8F43-ABA0F882AD56}.Debug|Any CPU.ActiveCfg = Debug|Any CPU
		{84C28740-0C85-434A-8F43-ABA0F882AD56}.Debug|Any CPU.Build.0 = Debug|Any CPU
		{84C28740-0C85-434A-8F43-ABA0F882AD56}.Release|Any CPU.ActiveCfg = Release|Any CPU
		{84C28740-0C85-434A-8F43-ABA0F882AD56}.Release|Any CPU.Build.0 = Release|Any CPU
	EndGlobalSection
	GlobalSection(SolutionProperties) = preSolution
		HideSolutionNode = FALSE
	EndGlobalSection
	GlobalSection(ExtensibilityGlobals) = postSolution
		SolutionGuid = {9562A2EF-36DA-4C14-B8D6-4F06D5760629}
	EndGlobalSection
EndGlobal
